
Microsoft Visual Studio Solution File, Format Version 12.00
# Visual Studio Version 16
VisualStudioVersion = 16.0.29709.97
MinimumVisualStudioVersion = 10.0.40219.1
Project("{FAE04EC0-301F-11D3-BF4B-00C04F79EFBC}") = "CSAKEFTPC4Core3", "CSAKEFTPC4Core3\CSAKEFTPC4Core3.csproj", "{CE647CF3-4CD7-4277-AFE6-F1E43CD6AE5E}"
EndProject
Global
	GlobalSection(SolutionConfigurationPlatforms) = preSolution
		Debug|Any CPU = Debug|Any CPU
		Release|Any CPU = Release|Any CPU
	EndGlobalSection
	GlobalSection(ProjectConfigurationPlatforms) = postSolution
		{CE647CF3-4CD7-4277-AFE6-F1E43CD6AE5E}.Debug|Any CPU.ActiveCfg = Debug|Any CPU
		{CE647CF3-4CD7-4277-AFE6-F1E43CD6AE5E}.Debug|Any CPU.Build.0 = Debug|Any CPU
		{CE647CF3-4CD7-4277-AFE6-F1E43CD6AE5E}.Release|Any CPU.ActiveCfg = Release|Any CPU
		{CE647CF3-4CD7-4277-AFE6-F1E43CD6AE5E}.Release|Any CPU.Build.0 = Release|Any CPU
	EndGlobalSection
	GlobalSection(SolutionProperties) = preSolution
		HideSolutionNode = FALSE
	EndGlobalSection
	GlobalSection(ExtensibilityGlobals) = postSolution
		SolutionGuid = {7F32B576-755A-4F52-93D7-3E4F25EA7F8A}
	EndGlobalSection
EndGlobal
